
Microsoft Visual Studio Solution File, Format Version 12.00
# Visual Studio Version 16
VisualStudioVersion = 16.0.32510.428
MinimumVisualStudioVersion = 10.0.40219.1
Project("{FAE04EC0-301F-11D3-BF4B-00C04F79EFBC}") = "SehirRehberi.API", "SehirRehberi.API\SehirRehberi.API.csproj", "{A969D4AA-6090-4CA7-9B37-A21D8C6264BC}"
EndProject
Global
	GlobalSection(SolutionConfigurationPlatforms) = preSolution
		Debug|Any CPU = Debug|Any CPU
		Release|Any CPU = Release|Any CPU
	EndGlobalSection
	GlobalSection(ProjectConfigurationPlatforms) = postSolution
		{A969D4AA-6090-4CA7-9B37-A21D8C6264BC}.Debug|Any CPU.ActiveCfg = Debug|Any CPU
		{A969D4AA-6090-4CA7-9B37-A21D8C6264BC}.Debug|Any CPU.Build.0 = Debug|Any CPU
		{A969D4AA-6090-4CA7-9B37-A21D8C6264BC}.Release|Any CPU.ActiveCfg = Release|Any CPU
		{A969D4AA-6090-4CA7-9B37-A21D8C6264BC}.Release|Any CPU.Build.0 = Release|Any CPU
	EndGlobalSection
	GlobalSection(SolutionProperties) = preSolution
		HideSolutionNode = FALSE
	EndGlobalSection
	GlobalSection(ExtensibilityGlobals) = postSolution
		SolutionGuid = {79FE9D08-E47F-4F78-B973-AB4E9619A272}
	EndGlobalSection
EndGlobal
